// !$*UTF8*$!
{
	archiveVersion = 1;
	classes = {
	};
	objectVersion = 48;
	objects = {

/* Begin PBXBuildFile section */
		130EAAC7203BC578007C82AB /* AppDelegate.swift in Sources */ = {isa = PBXBuildFile; fileRef = 130EAAC6203BC578007C82AB /* AppDelegate.swift */; };
		130EAAC9203BC578007C82AB /* ViewController.swift in Sources */ = {isa = PBXBuildFile; fileRef = 130EAAC8203BC578007C82AB /* ViewController.swift */; };
		130EAACC203BC578007C82AB /* Main.storyboard in Resources */ = {isa = PBXBuildFile; fileRef = 130EAACA203BC578007C82AB /* Main.storyboard */; };
		130EAACE203BC578007C82AB /* Assets.xcassets in Resources */ = {isa = PBXBuildFile; fileRef = 130EAACD203BC578007C82AB /* Assets.xcassets */; };
		130EAAD1203BC578007C82AB /* LaunchScreen.storyboard in Resources */ = {isa = PBXBuildFile; fileRef = 130EAACF203BC578007C82AB /* LaunchScreen.storyboard */; };
/* End PBXBuildFile section */

/* Begin PBXFileReference section */
		130EAAC3203BC578007C82AB /* RPC-Bondalapati.app */ = {isa = PBXFileReference; explicitFileType = wrapper.application; includeInIndex = 0; path = "RPC-Bondalapati.app"; sourceTree = BUILT_PRODUCTS_DIR; };
		130EAAC6203BC578007C82AB /* AppDelegate.swift */ = {isa = PBXFileReference; lastKnownFileType = sourcecode.swift; path = AppDelegate.swift; sourceTree = "<group>"; };
		130EAAC8203BC578007C82AB /* ViewController.swift */ = {isa = PBXFileReference; lastKnownFileType = sourcecode.swift; path = ViewController.swift; sourceTree = "<group>"; };
		130EAACB203BC578007C82AB /* Base */ = {isa = PBXFileReference; lastKnownFileType = file.storyboard; name = Base; path = Base.lproj/Main.storyboard; sourceTree = "<group>"; };
		130EAACD203BC578007C82AB /* Assets.xcassets */ = {isa = PBXFileReference; lastKnownFileType = folder.assetcatalog; path = Assets.xcassets; sourceTree = "<group>"; };
		130EAAD0203BC578007C82AB /* Base */ = {isa = PBXFileReference; lastKnownFileType = file.storyboard; name = Base; path = Base.lproj/LaunchScreen.storyboard; sourceTree = "<group>"; };
		130EAAD2203BC578007C82AB /* Info.plist */ = {isa = PBXFileReference; lastKnownFileType = text.plist.xml; path = Info.plist; sourceTree = "<group>"; };
/* End PBXFileReference section */

/* Begin PBXFrameworksBuildPhase section */
		130EAAC0203BC578007C82AB /* Frameworks */ = {
			isa = PBXFrameworksBuildPhase;
			buildActionMask = 2147483647;
			files = (
			);
			runOnlyForDeploymentPostprocessing = 0;
		};
/* End PBXFrameworksBuildPhase section */

/* Begin PBXGroup section */
		130EAABA203BC578007C82AB = {
			isa = PBXGroup;
			children = (
				130EAAC5203BC578007C82AB /* RPC-Bondalapati */,
				130EAAC4203BC578007C82AB /* Products */,
			);
			sourceTree = "<group>";
		};
		130EAAC4203BC578007C82AB /* Products */ = {
			isa = PBXGroup;
			children = (
				130EAAC3203BC578007C82AB /* RPC-Bondalapati.app */,
			);
			name = Products;
			sourceTree = "<group>";
		};
		130EAAC5203BC578007C82AB /* RPC-Bondalapati */ = {
			isa = PBXGroup;
			children = (
				130EAAC6203BC578007C82AB /* AppDelegate.swift */,
				130EAAC8203BC578007C82AB /* ViewController.swift */,
				130EAACA203BC578007C82AB /* Main.storyboard */,
				130EAACD203BC578007C82AB /* Assets.xcassets */,
				130EAACF203BC578007C82AB /* LaunchScreen.storyboard */,
				130EAAD2203BC578007C82AB /* Info.plist */,
			);
			path = "RPC-Bondalapati";
			sourceTree = "<group>";
		};
/* End PBXGroup section */

/* Begin PBXNativeTarget section */
		130EAAC2203BC578007C82AB /* RPC-Bondalapati */ = {
			isa = PBXNativeTarget;
			buildConfigurationList = 130EAAD5203BC578007C82AB /* Build configuration list for PBXNativeTarget "RPC-Bondalapati" */;
			buildPhases = (
				130EAABF203BC578007C82AB /* Sources */,
				130EAAC0203BC578007C82AB /* Frameworks */,
				130EAAC1203BC578007C82AB /* Resources */,
			);
			buildRules = (
			);
			dependencies = (
			);
			name = "RPC-Bondalapati";
			productName = "RPC-Bondalapati";
			productReference = 130EAAC3203BC578007C82AB /* RPC-Bondalapati.app */;
			productType = "com.apple.product-type.application";
		};
/* End PBXNativeTarget section */

/* Begin PBXProject section */
		130EAABB203BC578007C82AB /* Project object */ = {
			isa = PBXProject;
			attributes = {
				LastSwiftUpdateCheck = 0920;
				LastUpgradeCheck = 0920;
				ORGANIZATIONNAME = "Bondalapati,Harish";
				TargetAttributes = {
					130EAAC2203BC578007C82AB = {
						CreatedOnToolsVersion = 9.2;
						ProvisioningStyle = Automatic;
					};
				};
			};
			buildConfigurationList = 130EAABE203BC578007C82AB /* Build configuration list for PBXProject "RPC-Bondalapati" */;
			compatibilityVersion = "Xcode 8.0";
			developmentRegion = en;
			hasScannedForEncodings = 0;
			knownRegions = (
				en,
				Base,
			);
			mainGroup = 130EAABA203BC578007C82AB;
			productRefGroup = 130EAAC4203BC578007C82AB /* Products */;
			projectDirPath = "";
			projectRoot = "";
			targets = (
				130EAAC2203BC578007C82AB /* RPC-Bondalapati */,
			);
		};
/* End PBXProject section */

/* Begin PBXResourcesBuildPhase section */
		130EAAC1203BC578007C82AB /* Resources */ = {
			isa = PBXResourcesBuildPhase;
			buildActionMask = 2147483647;
			files = (
				130EAAD1203BC578007C82AB /* LaunchScreen.storyboard in Resources */,
				130EAACE203BC578007C82AB /* Assets.xcassets in Resources */,
				130EAACC203BC578007C82AB /* Main.storyboard in Resources */,
			);
			runOnlyForDeploymentPostprocessing = 0;
		};
/* End PBXResourcesBuildPhase section */

/* Begin PBXSourcesBuildPhase section */
		130EAABF203BC578007C82AB /* Sources */ = {
			isa = PBXSourcesBuildPhase;
			buildActionMask = 2147483647;
			files = (
				130EAAC9203BC578007C82AB /* ViewController.swift in Sources */,
				130EAAC7203BC578007C82AB /* AppDelegate.swift in Sources */,
			);
			runOnlyForDeploymentPostprocessing = 0;
		};
/* End PBXSourcesBuildPhase section */

/* Begin PBXVariantGroup section */
		130EAACA203BC578007C82AB /* Main.storyboard */ = {
			isa = PBXVariantGroup;
			children = (
				130EAACB203BC578007C82AB /* Base */,
			);
			name = Main.storyboard;
			sourceTree = "<group>";
		};
		130EAACF203BC578007C82AB /* LaunchScreen.storyboard */ = {
			isa = PBXVariantGroup;
			children = (
				130EAAD0203BC578007C82AB /* Base */,
			);
			name = LaunchScreen.storyboard;
			sourceTree = "<group>";
		};
/* End PBXVariantGroup section */

/* Begin XCBuildConfiguration section */
		130EAAD3203BC578007C82AB /* Debug */ = {
			isa = XCBuildConfiguration;
			buildSettings = {
				ALWAYS_SEARCH_USER_PATHS = NO;
				CLANG_ANALYZER_NONNULL = YES;
				CLANG_ANALYZER_NUMBER_OBJECT_CONVERSION = YES_AGGRESSIVE;
				CLANG_CXX_LANGUAGE_STANDARD = "gnu++14";
				CLANG_CXX_LIBRARY = "libc++";
				CLANG_ENABLE_MODULES = YES;
				CLANG_ENABLE_OBJC_ARC = YES;
				CLANG_WARN_BLOCK_CAPTURE_AUTORELEASING = YES;
				CLANG_WARN_BOOL_CONVERSION = YES;
				CLANG_WARN_COMMA = YES;
				CLANG_WARN_CONSTANT_CONVERSION = YES;
				CLANG_WARN_DIRECT_OBJC_ISA_USAGE = YES_ERROR;
				CLANG_WARN_DOCUMENTATION_COMMENTS = YES;
				CLANG_WARN_EMPTY_BODY = YES;
				CLANG_WARN_ENUM_CONVERSION = YES;
				CLANG_WARN_INFINITE_RECURSION = YES;
				CLANG_WARN_INT_CONVERSION = YES;
				CLANG_WARN_NON_LITERAL_NULL_CONVERSION = YES;
				CLANG_WARN_OBJC_LITERAL_CONVERSION = YES;
				CLANG_WARN_OBJC_ROOT_CLASS = YES_ERROR;
				CLANG_WARN_RANGE_LOOP_ANALYSIS = YES;
				CLANG_WARN_STRICT_PROTOTYPES = YES;
				CLANG_WARN_SUSPICIOUS_MOVE = YES;
				CLANG_WARN_UNGUARDED_AVAILABILITY = YES_AGGRESSIVE;
				CLANG_WARN_UNREACHABLE_CODE = YES;
				CLANG_WARN__DUPLICATE_METHOD_MATCH = YES;
				CODE_SIGN_IDENTITY = "iPhone Developer";
				COPY_PHASE_STRIP = NO;
				DEBUG_INFORMATION_FORMAT = dwarf;
				ENABLE_STRICT_OBJC_MSGSEND = YES;
				ENABLE_TESTABILITY = YES;
				GCC_C_LANGUAGE_STANDARD = gnu11;
				GCC_DYNAMIC_NO_PIC = NO;
				GCC_NO_COMMON_BLOCKS = YES;
				GCC_OPTIMIZATION_LEVEL = 0;
				GCC_PREPROCESSOR_DEFINITIONS = (
					"DEBUG=1",
					"$(inherited)",
				);
				GCC_WARN_64_TO_32_BIT_CONVERSION = YES;
				GCC_WARN_ABOUT_RETURN_TYPE = YES_ERROR;
				GCC_WARN_UNDECLARED_SELECTOR = YES;
				GCC_WARN_UNINITIALIZED_AUTOS = YES_AGGRESSIVE;
				GCC_WARN_UNUSED_FUNCTION = YES;
				GCC_WARN_UNUSED_VARIABLE = YES;
				IPHONEOS_DEPLOYMENT_TARGET = 11.2;
				MTL_ENABLE_DEBUG_INFO = YES;
				ONLY_ACTIVE_ARCH = YES;
				SDKROOT = iphoneos;
				SWIFT_ACTIVE_COMPILATION_CONDITIONS = DEBUG;
				SWIFT_OPTIMIZATION_LEVEL = "-Onone";
			};
			name = Debug;
		};
		130EAAD4203BC578007C82AB /* Release */ = {
			isa = XCBuildConfiguration;
			buildSettings = {
				ALWAYS_SEARCH_USER_PATHS = NO;
				CLANG_ANALYZER_NONNULL = YES;
				CLANG_ANALYZER_NUMBER_OBJECT_CONVERSION = YES_AGGRESSIVE;
				CLANG_CXX_LANGUAGE_STANDARD = "gnu++14";
				CLANG_CXX_LIBRARY = "libc++";
				CLANG_ENABLE_MODULES = YES;
				CLANG_ENABLE_OBJC_ARC = YES;
				CLANG_WARN_BLOCK_CAPTURE_AUTORELEASING = YES;
				CLANG_WARN_BOOL_CONVERSION = YES;
				CLANG_WARN_COMMA = YES;
				CLANG_WARN_CONSTANT_CONVERSION = YES;
				CLANG_WARN_DIRECT_OBJC_ISA_USAGE = YES_ERROR;
				CLANG_WARN_DOCUMENTATION_COMMENTS = YES;
				CLANG_WARN_EMPTY_BODY = YES;
				CLANG_WARN_ENUM_CONVERSION = YES;
				CLANG_WARN_INFINITE_RECURSION = YES;
				CLANG_WARN_INT_CONVERSION = YES;
				CLANG_WARN_NON_LITERAL_NULL_CONVERSION = YES;
				CLANG_WARN_OBJC_LITERAL_CONVERSION = YES;
				CLANG_WARN_OBJC_ROOT_CLASS = YES_ERROR;
				CLANG_WARN_RANGE_LOOP_ANALYSIS = YES;
				CLANG_WARN_STRICT_PROTOTYPES = YES;
				CLANG_WARN_SUSPICIOUS_MOVE = YES;
				CLANG_WARN_UNGUARDED_AVAILABILITY = YES_AGGRESSIVE;
				CLANG_WARN_UNREACHABLE_CODE = YES;
				CLANG_WARN__DUPLICATE_METHOD_MATCH = YES;
				CODE_SIGN_IDENTITY = "iPhone Developer";
				COPY_PHASE_STRIP = NO;
				DEBUG_INFORMATION_FORMAT = "dwarf-with-dsym";
				ENABLE_NS_ASSERTIONS = NO;
				ENABLE_STRICT_OBJC_MSGSEND = YES;
				GCC_C_LANGUAGE_STANDARD = gnu11;
				GCC_NO_COMMON_BLOCKS = YES;
				GCC_WARN_64_TO_32_BIT_CONVERSION = YES;
				GCC_WARN_ABOUT_RETURN_TYPE = YES_ERROR;
				GCC_WARN_UNDECLARED_SELECTOR = YES;
				GCC_WARN_UNINITIALIZED_AUTOS = YES_AGGRESSIVE;
				GCC_WARN_UNUSED_FUNCTION = YES;
				GCC_WARN_UNUSED_VARIABLE = YES;
				IPHONEOS_DEPLOYMENT_TARGET = 11.2;
				MTL_ENABLE_DEBUG_INFO = NO;
				SDKROOT = iphoneos;
				SWIFT_OPTIMIZATION_LEVEL = "-Owholemodule";
				VALIDATE_PRODUCT = YES;
			};
			name = Release;
		};
		130EAAD6203BC578007C82AB /* Debug */ = {
			isa = XCBuildConfiguration;
			buildSettings = {
				ASSETCATALOG_COMPILER_APPICON_NAME = AppIcon;
				CODE_SIGN_STYLE = Automatic;
				INFOPLIST_FILE = "RPC-Bondalapati/Info.plist";
				LD_RUNPATH_SEARCH_PATHS = "$(inherited) @executable_path/Frameworks";
				PRODUCT_BUNDLE_IDENTIFIER = "NWMSU.RPC-Bondalapati";
				PRODUCT_NAME = "$(TARGET_NAME)";
				SWIFT_VERSION = 4.0;
				TARGETED_DEVICE_FAMILY = "1,2";
			};
			name = Debug;
		};
		130EAAD7203BC578007C82AB /* Release */ = {
			isa = XCBuildConfiguration;
			buildSettings = {
				ASSETCATALOG_COMPILER_APPICON_NAME = AppIcon;
				CODE_SIGN_STYLE = Automatic;
				INFOPLIST_FILE = "RPC-Bondalapati/Info.plist";
				LD_RUNPATH_SEARCH_PATHS = "$(inherited) @executable_path/Frameworks";
				PRODUCT_BUNDLE_IDENTIFIER = "NWMSU.RPC-Bondalapati";
				PRODUCT_NAME = "$(TARGET_NAME)";
				SWIFT_VERSION = 4.0;
				TARGETED_DEVICE_FAMILY = "1,2";
			};
			name = Release;
		};
/* End XCBuildConfiguration section */

/* Begin XCConfigurationList section */
		130EAABE203BC578007C82AB /* Build configuration list for PBXProject "RPC-Bondalapati" */ = {
			isa = XCConfigurationList;
			buildConfigurations = (
				130EAAD3203BC578007C82AB /* Debug */,
				130EAAD4203BC578007C82AB /* Release */,
			);
			defaultConfigurationIsVisible = 0;
			defaultConfigurationName = Release;
		};
		130EAAD5203BC578007C82AB /* Build configuration list for PBXNativeTarget "RPC-Bondalapati" */ = {
			isa = XCConfigurationList;
			buildConfigurations = (
				130EAAD6203BC578007C82AB /* Debug */,
				130EAAD7203BC578007C82AB /* Release */,
			);
			defaultConfigurationIsVisible = 0;
			defaultConfigurationName = Release;
		};
/* End XCConfigurationList section */
	};
	rootObject = 130EAABB203BC578007C82AB /* Project object */;
}
